{
  "nodes": {
    "flakeNimbleLib": {
      "inputs": {
        "nixpkgs": [
          "nixpkgs"
        ]
      },
      "locked": {
        "lastModified": 1662018438,
        "narHash": "sha256-QtNtU6+LX3Wokxf0zlFwKTFOcn6TeDjKQZ+DA9OYtvM=",
        "owner": "riinr",
        "repo": "nim-flakes-lib",
        "rev": "b1fe8340736e3a85d25c709ac3dfd82a55c03cbf",
        "type": "github"
      },
      "original": {
        "owner": "riinr",
        "ref": "master",
        "repo": "nim-flakes-lib",
        "type": "github"
      }
    },
    "nixpkgs": {
      "locked": {
        "lastModified": 1667199707,
        "narHash": "sha256-I2Js3Y7gUyVSEXPULHlBoRek4Lh85vnevdS6mdvDNLI=",
        "owner": "NixOS",
        "repo": "nixpkgs",
        "rev": "ced197be72099edcfa68ebed8b87af7b04851f45",
        "type": "github"
      },
      "original": {
        "id": "nixpkgs",
        "type": "indirect"
      }
    },
    "root": {
      "inputs": {
        "flakeNimbleLib": "flakeNimbleLib",
        "nixpkgs": "nixpkgs",
        "tweens-master": "tweens-master"
      }
    },
    "src-tweens-master": {
      "flake": false,
      "locked": {
        "lastModified": 1615834677,
        "narHash": "sha256-nBTpOaWABvwHEPZ6AgctUJ4fYFw/g8xf1YC7arTatEw=",
        "owner": "RainbowAsteroids",
        "repo": "tweens",
        "rev": "24be719fc4699b42b308e256fc468a0301d05e8e",
        "type": "github"
      },
      "original": {
        "owner": "RainbowAsteroids",
        "ref": "refs/heads/master",
        "repo": "tweens",
        "type": "github"
      }
    },
    "tweens-master": {
      "inputs": {
        "flakeNimbleLib": [
          "flakeNimbleLib"
        ],
        "nixpkgs": [
          "nixpkgs"
        ],
        "src-tweens-master": "src-tweens-master"
      },
      "locked": {
        "dir": "master",
        "lastModified": 1667322756,
        "narHash": "sha256-ikMwit6mnjVUtVlgy1rbt1tm/e08DbK50xAZeN5FiLU=",
        "owner": "nim-nix-pkgs",
        "repo": "tweens",
        "rev": "c665febff24b66d3c7f8b7a208b8f6c9ea697068",
        "type": "github"
      },
      "original": {
        "dir": "master",
        "owner": "nim-nix-pkgs",
        "ref": "master",
        "repo": "tweens",
        "type": "github"
      }
    }
  },
  "root": "root",
  "version": 7
}
